
Microsoft Visual Studio Solution File, Format Version 12.00
# Visual Studio Version 16
VisualStudioVersion = 16.0.28803.202
MinimumVisualStudioVersion = 10.0.40219.1
Project("{FAE04EC0-301F-11D3-BF4B-00C04F79EFBC}") = "Flutter-Server", "Flutter-Server\Flutter-Server.csproj", "{9AD04EEE-C7CE-401A-BC78-72BDE3369F6E}"
EndProject
Global
	GlobalSection(SolutionConfigurationPlatforms) = preSolution
		Debug|Any CPU = Debug|Any CPU
		Release|Any CPU = Release|Any CPU
	EndGlobalSection
	GlobalSection(ProjectConfigurationPlatforms) = postSolution
		{9AD04EEE-C7CE-401A-BC78-72BDE3369F6E}.Debug|Any CPU.ActiveCfg = Debug|Any CPU
		{9AD04EEE-C7CE-401A-BC78-72BDE3369F6E}.Debug|Any CPU.Build.0 = Debug|Any CPU
		{9AD04EEE-C7CE-401A-BC78-72BDE3369F6E}.Release|Any CPU.ActiveCfg = Release|Any CPU
		{9AD04EEE-C7CE-401A-BC78-72BDE3369F6E}.Release|Any CPU.Build.0 = Release|Any CPU
	EndGlobalSection
	GlobalSection(SolutionProperties) = preSolution
		HideSolutionNode = FALSE
	EndGlobalSection
	GlobalSection(ExtensibilityGlobals) = postSolution
		SolutionGuid = {DA4E1672-10A7-47A9-98A7-D66ACB6B51CA}
	EndGlobalSection
EndGlobal
